
Microsoft Visual Studio Solution File, Format Version 12.00
# Visual Studio Version 17
VisualStudioVersion = 17.5.002.0
MinimumVisualStudioVersion = 10.0.40219.1
Project("{9A19103F-16F7-4668-BE54-9A1E7A4F7556}") = "PakinProject", "PakinProject.csproj", "{5BFEDED8-5C3B-493A-84B8-E24C7F03A332}"
EndProject
Global
	GlobalSection(SolutionConfigurationPlatforms) = preSolution
		Debug|Any CPU = Debug|Any CPU
		Release|Any CPU = Release|Any CPU
	EndGlobalSection
	GlobalSection(ProjectConfigurationPlatforms) = postSolution
		{5BFEDED8-5C3B-493A-84B8-E24C7F03A332}.Debug|Any CPU.ActiveCfg = Debug|Any CPU
		{5BFEDED8-5C3B-493A-84B8-E24C7F03A332}.Debug|Any CPU.Build.0 = Debug|Any CPU
		{5BFEDED8-5C3B-493A-84B8-E24C7F03A332}.Release|Any CPU.ActiveCfg = Release|Any CPU
		{5BFEDED8-5C3B-493A-84B8-E24C7F03A332}.Release|Any CPU.Build.0 = Release|Any CPU
	EndGlobalSection
	GlobalSection(SolutionProperties) = preSolution
		HideSolutionNode = FALSE
	EndGlobalSection
	GlobalSection(ExtensibilityGlobals) = postSolution
		SolutionGuid = {669946FD-58FB-4C16-9A44-B7AC3C7CE7A8}
	EndGlobalSection
EndGlobal
